// !$*UTF8*$!
{
	archiveVersion = 1;
	classes = {
	};
	objectVersion = 50;
	objects = {

/* Begin PBXBuildFile section */
		147358E425FB0C9900489AA7 /* AppDelegate.swift in Sources */ = {isa = PBXBuildFile; fileRef = 147358E325FB0C9900489AA7 /* AppDelegate.swift */; };
		147358E625FB0C9900489AA7 /* SceneDelegate.swift in Sources */ = {isa = PBXBuildFile; fileRef = 147358E525FB0C9900489AA7 /* SceneDelegate.swift */; };
		147358E825FB0C9900489AA7 /* ViewController.swift in Sources */ = {isa = PBXBuildFile; fileRef = 147358E725FB0C9900489AA7 /* ViewController.swift */; };
		147358EB25FB0C9900489AA7 /* Main.storyboard in Resources */ = {isa = PBXBuildFile; fileRef = 147358E925FB0C9900489AA7 /* Main.storyboard */; };
		147358ED25FB0C9B00489AA7 /* Assets.xcassets in Resources */ = {isa = PBXBuildFile; fileRef = 147358EC25FB0C9B00489AA7 /* Assets.xcassets */; };
		147358F025FB0C9C00489AA7 /* LaunchScreen.storyboard in Resources */ = {isa = PBXBuildFile; fileRef = 147358EE25FB0C9B00489AA7 /* LaunchScreen.storyboard */; };
		147358FB25FB0C9C00489AA7 /* ArgonTests.swift in Sources */ = {isa = PBXBuildFile; fileRef = 147358FA25FB0C9C00489AA7 /* ArgonTests.swift */; };
		1473590625FB0C9C00489AA7 /* ArgonUITests.swift in Sources */ = {isa = PBXBuildFile; fileRef = 1473590525FB0C9C00489AA7 /* ArgonUITests.swift */; };
/* End PBXBuildFile section */

/* Begin PBXContainerItemProxy section */
		147358F725FB0C9C00489AA7 /* PBXContainerItemProxy */ = {
			isa = PBXContainerItemProxy;
			containerPortal = 147358D825FB0C9800489AA7 /* Project object */;
			proxyType = 1;
			remoteGlobalIDString = 147358DF25FB0C9800489AA7;
			remoteInfo = Argon;
		};
		1473590225FB0C9C00489AA7 /* PBXContainerItemProxy */ = {
			isa = PBXContainerItemProxy;
			containerPortal = 147358D825FB0C9800489AA7 /* Project object */;
			proxyType = 1;
			remoteGlobalIDString = 147358DF25FB0C9800489AA7;
			remoteInfo = Argon;
		};
/* End PBXContainerItemProxy section */

/* Begin PBXFileReference section */
		147358E025FB0C9900489AA7 /* Argon.app */ = {isa = PBXFileReference; explicitFileType = wrapper.application; includeInIndex = 0; path = Argon.app; sourceTree = BUILT_PRODUCTS_DIR; };
		147358E325FB0C9900489AA7 /* AppDelegate.swift */ = {isa = PBXFileReference; lastKnownFileType = sourcecode.swift; path = AppDelegate.swift; sourceTree = "<group>"; };
		147358E525FB0C9900489AA7 /* SceneDelegate.swift */ = {isa = PBXFileReference; lastKnownFileType = sourcecode.swift; path = SceneDelegate.swift; sourceTree = "<group>"; };
		147358E725FB0C9900489AA7 /* ViewController.swift */ = {isa = PBXFileReference; lastKnownFileType = sourcecode.swift; path = ViewController.swift; sourceTree = "<group>"; };
		147358EA25FB0C9900489AA7 /* Base */ = {isa = PBXFileReference; lastKnownFileType = file.storyboard; name = Base; path = Base.lproj/Main.storyboard; sourceTree = "<group>"; };
		147358EC25FB0C9B00489AA7 /* Assets.xcassets */ = {isa = PBXFileReference; lastKnownFileType = folder.assetcatalog; path = Assets.xcassets; sourceTree = "<group>"; };
		147358EF25FB0C9B00489AA7 /* Base */ = {isa = PBXFileReference; lastKnownFileType = file.storyboard; name = Base; path = Base.lproj/LaunchScreen.storyboard; sourceTree = "<group>"; };
		147358F125FB0C9C00489AA7 /* Info.plist */ = {isa = PBXFileReference; lastKnownFileType = text.plist.xml; path = Info.plist; sourceTree = "<group>"; };
		147358F625FB0C9C00489AA7 /* ArgonTests.xctest */ = {isa = PBXFileReference; explicitFileType = wrapper.cfbundle; includeInIndex = 0; path = ArgonTests.xctest; sourceTree = BUILT_PRODUCTS_DIR; };
		147358FA25FB0C9C00489AA7 /* ArgonTests.swift */ = {isa = PBXFileReference; lastKnownFileType = sourcecode.swift; path = ArgonTests.swift; sourceTree = "<group>"; };
		147358FC25FB0C9C00489AA7 /* Info.plist */ = {isa = PBXFileReference; lastKnownFileType = text.plist.xml; path = Info.plist; sourceTree = "<group>"; };
		1473590125FB0C9C00489AA7 /* ArgonUITests.xctest */ = {isa = PBXFileReference; explicitFileType = wrapper.cfbundle; includeInIndex = 0; path = ArgonUITests.xctest; sourceTree = BUILT_PRODUCTS_DIR; };
		1473590525FB0C9C00489AA7 /* ArgonUITests.swift */ = {isa = PBXFileReference; lastKnownFileType = sourcecode.swift; path = ArgonUITests.swift; sourceTree = "<group>"; };
		1473590725FB0C9C00489AA7 /* Info.plist */ = {isa = PBXFileReference; lastKnownFileType = text.plist.xml; path = Info.plist; sourceTree = "<group>"; };
/* End PBXFileReference section */

/* Begin PBXFrameworksBuildPhase section */
		147358DD25FB0C9800489AA7 /* Frameworks */ = {
			isa = PBXFrameworksBuildPhase;
			buildActionMask = 2147483647;
			files = (
			);
			runOnlyForDeploymentPostprocessing = 0;
		};
		147358F325FB0C9C00489AA7 /* Frameworks */ = {
			isa = PBXFrameworksBuildPhase;
			buildActionMask = 2147483647;
			files = (
			);
			runOnlyForDeploymentPostprocessing = 0;
		};
		147358FE25FB0C9C00489AA7 /* Frameworks */ = {
			isa = PBXFrameworksBuildPhase;
			buildActionMask = 2147483647;
			files = (
			);
			runOnlyForDeploymentPostprocessing = 0;
		};
/* End PBXFrameworksBuildPhase section */

/* Begin PBXGroup section */
		147358D725FB0C9800489AA7 = {
			isa = PBXGroup;
			children = (
				147358E225FB0C9900489AA7 /* Argon */,
				147358F925FB0C9C00489AA7 /* ArgonTests */,
				1473590425FB0C9C00489AA7 /* ArgonUITests */,
				147358E125FB0C9900489AA7 /* Products */,
			);
			sourceTree = "<group>";
		};
		147358E125FB0C9900489AA7 /* Products */ = {
			isa = PBXGroup;
			children = (
				147358E025FB0C9900489AA7 /* Argon.app */,
				147358F625FB0C9C00489AA7 /* ArgonTests.xctest */,
				1473590125FB0C9C00489AA7 /* ArgonUITests.xctest */,
			);
			name = Products;
			sourceTree = "<group>";
		};
		147358E225FB0C9900489AA7 /* Argon */ = {
			isa = PBXGroup;
			children = (
				147358E325FB0C9900489AA7 /* AppDelegate.swift */,
				147358E525FB0C9900489AA7 /* SceneDelegate.swift */,
				147358E725FB0C9900489AA7 /* ViewController.swift */,
				147358E925FB0C9900489AA7 /* Main.storyboard */,
				147358EC25FB0C9B00489AA7 /* Assets.xcassets */,
				147358EE25FB0C9B00489AA7 /* LaunchScreen.storyboard */,
				147358F125FB0C9C00489AA7 /* Info.plist */,
			);
			path = Argon;
			sourceTree = "<group>";
		};
		147358F925FB0C9C00489AA7 /* ArgonTests */ = {
			isa = PBXGroup;
			children = (
				147358FA25FB0C9C00489AA7 /* ArgonTests.swift */,
				147358FC25FB0C9C00489AA7 /* Info.plist */,
			);
			path = ArgonTests;
			sourceTree = "<group>";
		};
		1473590425FB0C9C00489AA7 /* ArgonUITests */ = {
			isa = PBXGroup;
			children = (
				1473590525FB0C9C00489AA7 /* ArgonUITests.swift */,
				1473590725FB0C9C00489AA7 /* Info.plist */,
			);
			path = ArgonUITests;
			sourceTree = "<group>";
		};
/* End PBXGroup section */

/* Begin PBXNativeTarget section */
		147358DF25FB0C9800489AA7 /* Argon */ = {
			isa = PBXNativeTarget;
			buildConfigurationList = 1473590A25FB0C9C00489AA7 /* Build configuration list for PBXNativeTarget "Argon" */;
			buildPhases = (
				147358DC25FB0C9800489AA7 /* Sources */,
				147358DD25FB0C9800489AA7 /* Frameworks */,
				147358DE25FB0C9800489AA7 /* Resources */,
			);
			buildRules = (
			);
			dependencies = (
			);
			name = Argon;
			productName = Argon;
			productReference = 147358E025FB0C9900489AA7 /* Argon.app */;
			productType = "com.apple.product-type.application";
		};
		147358F525FB0C9C00489AA7 /* ArgonTests */ = {
			isa = PBXNativeTarget;
			buildConfigurationList = 1473590D25FB0C9C00489AA7 /* Build configuration list for PBXNativeTarget "ArgonTests" */;
			buildPhases = (
				147358F225FB0C9C00489AA7 /* Sources */,
				147358F325FB0C9C00489AA7 /* Frameworks */,
				147358F425FB0C9C00489AA7 /* Resources */,
			);
			buildRules = (
			);
			dependencies = (
				147358F825FB0C9C00489AA7 /* PBXTargetDependency */,
			);
			name = ArgonTests;
			productName = ArgonTests;
			productReference = 147358F625FB0C9C00489AA7 /* ArgonTests.xctest */;
			productType = "com.apple.product-type.bundle.unit-test";
		};
		1473590025FB0C9C00489AA7 /* ArgonUITests */ = {
			isa = PBXNativeTarget;
			buildConfigurationList = 1473591025FB0C9C00489AA7 /* Build configuration list for PBXNativeTarget "ArgonUITests" */;
			buildPhases = (
				147358FD25FB0C9C00489AA7 /* Sources */,
				147358FE25FB0C9C00489AA7 /* Frameworks */,
				147358FF25FB0C9C00489AA7 /* Resources */,
			);
			buildRules = (
			);
			dependencies = (
				1473590325FB0C9C00489AA7 /* PBXTargetDependency */,
			);
			name = ArgonUITests;
			productName = ArgonUITests;
			productReference = 1473590125FB0C9C00489AA7 /* ArgonUITests.xctest */;
			productType = "com.apple.product-type.bundle.ui-testing";
		};
/* End PBXNativeTarget section */

/* Begin PBXProject section */
		147358D825FB0C9800489AA7 /* Project object */ = {
			isa = PBXProject;
			attributes = {
				LastSwiftUpdateCheck = 1210;
				LastUpgradeCheck = 1210;
				TargetAttributes = {
					147358DF25FB0C9800489AA7 = {
						CreatedOnToolsVersion = 12.1;
					};
					147358F525FB0C9C00489AA7 = {
						CreatedOnToolsVersion = 12.1;
						TestTargetID = 147358DF25FB0C9800489AA7;
					};
					1473590025FB0C9C00489AA7 = {
						CreatedOnToolsVersion = 12.1;
						TestTargetID = 147358DF25FB0C9800489AA7;
					};
				};
			};
			buildConfigurationList = 147358DB25FB0C9800489AA7 /* Build configuration list for PBXProject "Argon" */;
			compatibilityVersion = "Xcode 9.3";
			developmentRegion = en;
			hasScannedForEncodings = 0;
			knownRegions = (
				en,
				Base,
			);
			mainGroup = 147358D725FB0C9800489AA7;
			productRefGroup = 147358E125FB0C9900489AA7 /* Products */;
			projectDirPath = "";
			projectRoot = "";
			targets = (
				147358DF25FB0C9800489AA7 /* Argon */,
				147358F525FB0C9C00489AA7 /* ArgonTests */,
				1473590025FB0C9C00489AA7 /* ArgonUITests */,
			);
		};
/* End PBXProject section */

/* Begin PBXResourcesBuildPhase section */
		147358DE25FB0C9800489AA7 /* Resources */ = {
			isa = PBXResourcesBuildPhase;
			buildActionMask = 2147483647;
			files = (
				147358F025FB0C9C00489AA7 /* LaunchScreen.storyboard in Resources */,
				147358ED25FB0C9B00489AA7 /* Assets.xcassets in Resources */,
				147358EB25FB0C9900489AA7 /* Main.storyboard in Resources */,
			);
			runOnlyForDeploymentPostprocessing = 0;
		};
		147358F425FB0C9C00489AA7 /* Resources */ = {
			isa = PBXResourcesBuildPhase;
			buildActionMask = 2147483647;
			files = (
			);
			runOnlyForDeploymentPostprocessing = 0;
		};
		147358FF25FB0C9C00489AA7 /* Resources */ = {
			isa = PBXResourcesBuildPhase;
			buildActionMask = 2147483647;
			files = (
			);
			runOnlyForDeploymentPostprocessing = 0;
		};
/* End PBXResourcesBuildPhase section */

/* Begin PBXSourcesBuildPhase section */
		147358DC25FB0C9800489AA7 /* Sources */ = {
			isa = PBXSourcesBuildPhase;
			buildActionMask = 2147483647;
			files = (
				147358E825FB0C9900489AA7 /* ViewController.swift in Sources */,
				147358E425FB0C9900489AA7 /* AppDelegate.swift in Sources */,
				147358E625FB0C9900489AA7 /* SceneDelegate.swift in Sources */,
			);
			runOnlyForDeploymentPostprocessing = 0;
		};
		147358F225FB0C9C00489AA7 /* Sources */ = {
			isa = PBXSourcesBuildPhase;
			buildActionMask = 2147483647;
			files = (
				147358FB25FB0C9C00489AA7 /* ArgonTests.swift in Sources */,
			);
			runOnlyForDeploymentPostprocessing = 0;
		};
		147358FD25FB0C9C00489AA7 /* Sources */ = {
			isa = PBXSourcesBuildPhase;
			buildActionMask = 2147483647;
			files = (
				1473590625FB0C9C00489AA7 /* ArgonUITests.swift in Sources */,
			);
			runOnlyForDeploymentPostprocessing = 0;
		};
/* End PBXSourcesBuildPhase section */

/* Begin PBXTargetDependency section */
		147358F825FB0C9C00489AA7 /* PBXTargetDependency */ = {
			isa = PBXTargetDependency;
			target = 147358DF25FB0C9800489AA7 /* Argon */;
			targetProxy = 147358F725FB0C9C00489AA7 /* PBXContainerItemProxy */;
		};
		1473590325FB0C9C00489AA7 /* PBXTargetDependency */ = {
			isa = PBXTargetDependency;
			target = 147358DF25FB0C9800489AA7 /* Argon */;
			targetProxy = 1473590225FB0C9C00489AA7 /* PBXContainerItemProxy */;
		};
/* End PBXTargetDependency section */

/* Begin PBXVariantGroup section */
		147358E925FB0C9900489AA7 /* Main.storyboard */ = {
			isa = PBXVariantGroup;
			children = (
				147358EA25FB0C9900489AA7 /* Base */,
			);
			name = Main.storyboard;
			sourceTree = "<group>";
		};
		147358EE25FB0C9B00489AA7 /* LaunchScreen.storyboard */ = {
			isa = PBXVariantGroup;
			children = (
				147358EF25FB0C9B00489AA7 /* Base */,
			);
			name = LaunchScreen.storyboard;
			sourceTree = "<group>";
		};
/* End PBXVariantGroup section */

/* Begin XCBuildConfiguration section */
		1473590825FB0C9C00489AA7 /* Debug */ = {
			isa = XCBuildConfiguration;
			buildSettings = {
				ALWAYS_SEARCH_USER_PATHS = NO;
				CLANG_ANALYZER_NONNULL = YES;
				CLANG_ANALYZER_NUMBER_OBJECT_CONVERSION = YES_AGGRESSIVE;
				CLANG_CXX_LANGUAGE_STANDARD = "gnu++14";
				CLANG_CXX_LIBRARY = "libc++";
				CLANG_ENABLE_MODULES = YES;
				CLANG_ENABLE_OBJC_ARC = YES;
				CLANG_ENABLE_OBJC_WEAK = YES;
				CLANG_WARN_BLOCK_CAPTURE_AUTORELEASING = YES;
				CLANG_WARN_BOOL_CONVERSION = YES;
				CLANG_WARN_COMMA = YES;
				CLANG_WARN_CONSTANT_CONVERSION = YES;
				CLANG_WARN_DEPRECATED_OBJC_IMPLEMENTATIONS = YES;
				CLANG_WARN_DIRECT_OBJC_ISA_USAGE = YES_ERROR;
				CLANG_WARN_DOCUMENTATION_COMMENTS = YES;
				CLANG_WARN_EMPTY_BODY = YES;
				CLANG_WARN_ENUM_CONVERSION = YES;
				CLANG_WARN_INFINITE_RECURSION = YES;
				CLANG_WARN_INT_CONVERSION = YES;
				CLANG_WARN_NON_LITERAL_NULL_CONVERSION = YES;
				CLANG_WARN_OBJC_IMPLICIT_RETAIN_SELF = YES;
				CLANG_WARN_OBJC_LITERAL_CONVERSION = YES;
				CLANG_WARN_OBJC_ROOT_CLASS = YES_ERROR;
				CLANG_WARN_QUOTED_INCLUDE_IN_FRAMEWORK_HEADER = YES;
				CLANG_WARN_RANGE_LOOP_ANALYSIS = YES;
				CLANG_WARN_STRICT_PROTOTYPES = YES;
				CLANG_WARN_SUSPICIOUS_MOVE = YES;
				CLANG_WARN_UNGUARDED_AVAILABILITY = YES_AGGRESSIVE;
				CLANG_WARN_UNREACHABLE_CODE = YES;
				CLANG_WARN__DUPLICATE_METHOD_MATCH = YES;
				COPY_PHASE_STRIP = NO;
				DEBUG_INFORMATION_FORMAT = dwarf;
				ENABLE_STRICT_OBJC_MSGSEND = YES;
				ENABLE_TESTABILITY = YES;
				GCC_C_LANGUAGE_STANDARD = gnu11;
				GCC_DYNAMIC_NO_PIC = NO;
				GCC_NO_COMMON_BLOCKS = YES;
				GCC_OPTIMIZATION_LEVEL = 0;
				GCC_PREPROCESSOR_DEFINITIONS = (
					"DEBUG=1",
					"$(inherited)",
				);
				GCC_WARN_64_TO_32_BIT_CONVERSION = YES;
				GCC_WARN_ABOUT_RETURN_TYPE = YES_ERROR;
				GCC_WARN_UNDECLARED_SELECTOR = YES;
				GCC_WARN_UNINITIALIZED_AUTOS = YES_AGGRESSIVE;
				GCC_WARN_UNUSED_FUNCTION = YES;
				GCC_WARN_UNUSED_VARIABLE = YES;
				IPHONEOS_DEPLOYMENT_TARGET = 14.1;
				MTL_ENABLE_DEBUG_INFO = INCLUDE_SOURCE;
				MTL_FAST_MATH = YES;
				ONLY_ACTIVE_ARCH = YES;
				SDKROOT = iphoneos;
				SWIFT_ACTIVE_COMPILATION_CONDITIONS = DEBUG;
				SWIFT_OPTIMIZATION_LEVEL = "-Onone";
			};
			name = Debug;
		};
		1473590925FB0C9C00489AA7 /* Release */ = {
			isa = XCBuildConfiguration;
			buildSettings = {
				ALWAYS_SEARCH_USER_PATHS = NO;
				CLANG_ANALYZER_NONNULL = YES;
				CLANG_ANALYZER_NUMBER_OBJECT_CONVERSION = YES_AGGRESSIVE;
				CLANG_CXX_LANGUAGE_STANDARD = "gnu++14";
				CLANG_CXX_LIBRARY = "libc++";
				CLANG_ENABLE_MODULES = YES;
				CLANG_ENABLE_OBJC_ARC = YES;
				CLANG_ENABLE_OBJC_WEAK = YES;
				CLANG_WARN_BLOCK_CAPTURE_AUTORELEASING = YES;
				CLANG_WARN_BOOL_CONVERSION = YES;
				CLANG_WARN_COMMA = YES;
				CLANG_WARN_CONSTANT_CONVERSION = YES;
				CLANG_WARN_DEPRECATED_OBJC_IMPLEMENTATIONS = YES;
				CLANG_WARN_DIRECT_OBJC_ISA_USAGE = YES_ERROR;
				CLANG_WARN_DOCUMENTATION_COMMENTS = YES;
				CLANG_WARN_EMPTY_BODY = YES;
				CLANG_WARN_ENUM_CONVERSION = YES;
				CLANG_WARN_INFINITE_RECURSION = YES;
				CLANG_WARN_INT_CONVERSION = YES;
				CLANG_WARN_NON_LITERAL_NULL_CONVERSION = YES;
				CLANG_WARN_OBJC_IMPLICIT_RETAIN_SELF = YES;
				CLANG_WARN_OBJC_LITERAL_CONVERSION = YES;
				CLANG_WARN_OBJC_ROOT_CLASS = YES_ERROR;
				CLANG_WARN_QUOTED_INCLUDE_IN_FRAMEWORK_HEADER = YES;
				CLANG_WARN_RANGE_LOOP_ANALYSIS = YES;
				CLANG_WARN_STRICT_PROTOTYPES = YES;
				CLANG_WARN_SUSPICIOUS_MOVE = YES;
				CLANG_WARN_UNGUARDED_AVAILABILITY = YES_AGGRESSIVE;
				CLANG_WARN_UNREACHABLE_CODE = YES;
				CLANG_WARN__DUPLICATE_METHOD_MATCH = YES;
				COPY_PHASE_STRIP = NO;
				DEBUG_INFORMATION_FORMAT = "dwarf-with-dsym";
				ENABLE_NS_ASSERTIONS = NO;
				ENABLE_STRICT_OBJC_MSGSEND = YES;
				GCC_C_LANGUAGE_STANDARD = gnu11;
				GCC_NO_COMMON_BLOCKS = YES;
				GCC_WARN_64_TO_32_BIT_CONVERSION = YES;
				GCC_WARN_ABOUT_RETURN_TYPE = YES_ERROR;
				GCC_WARN_UNDECLARED_SELECTOR = YES;
				GCC_WARN_UNINITIALIZED_AUTOS = YES_AGGRESSIVE;
				GCC_WARN_UNUSED_FUNCTION = YES;
				GCC_WARN_UNUSED_VARIABLE = YES;
				IPHONEOS_DEPLOYMENT_TARGET = 14.1;
				MTL_ENABLE_DEBUG_INFO = NO;
				MTL_FAST_MATH = YES;
				SDKROOT = iphoneos;
				SWIFT_COMPILATION_MODE = wholemodule;
				SWIFT_OPTIMIZATION_LEVEL = "-O";
				VALIDATE_PRODUCT = YES;
			};
			name = Release;
		};
		1473590B25FB0C9C00489AA7 /* Debug */ = {
			isa = XCBuildConfiguration;
			buildSettings = {
				ASSETCATALOG_COMPILER_APPICON_NAME = AppIcon;
				ASSETCATALOG_COMPILER_GLOBAL_ACCENT_COLOR_NAME = AccentColor;
				CODE_SIGN_STYLE = Automatic;
				INFOPLIST_FILE = Argon/Info.plist;
				LD_RUNPATH_SEARCH_PATHS = (
					"$(inherited)",
					"@executable_path/Frameworks",
				);
				PRODUCT_BUNDLE_IDENTIFIER = org.arbridev.Argon;
				PRODUCT_NAME = "$(TARGET_NAME)";
				SWIFT_VERSION = 5.0;
				TARGETED_DEVICE_FAMILY = "1,2";
			};
			name = Debug;
		};
		1473590C25FB0C9C00489AA7 /* Release */ = {
			isa = XCBuildConfiguration;
			buildSettings = {
				ASSETCATALOG_COMPILER_APPICON_NAME = AppIcon;
				ASSETCATALOG_COMPILER_GLOBAL_ACCENT_COLOR_NAME = AccentColor;
				CODE_SIGN_STYLE = Automatic;
				INFOPLIST_FILE = Argon/Info.plist;
				LD_RUNPATH_SEARCH_PATHS = (
					"$(inherited)",
					"@executable_path/Frameworks",
				);
				PRODUCT_BUNDLE_IDENTIFIER = org.arbridev.Argon;
				PRODUCT_NAME = "$(TARGET_NAME)";
				SWIFT_VERSION = 5.0;
				TARGETED_DEVICE_FAMILY = "1,2";
			};
			name = Release;
		};
		1473590E25FB0C9C00489AA7 /* Debug */ = {
			isa = XCBuildConfiguration;
			buildSettings = {
				ALWAYS_EMBED_SWIFT_STANDARD_LIBRARIES = YES;
				BUNDLE_LOADER = "$(TEST_HOST)";
				CODE_SIGN_STYLE = Automatic;
				INFOPLIST_FILE = ArgonTests/Info.plist;
				IPHONEOS_DEPLOYMENT_TARGET = 14.1;
				LD_RUNPATH_SEARCH_PATHS = (
					"$(inherited)",
					"@executable_path/Frameworks",
					"@loader_path/Frameworks",
				);
				PRODUCT_BUNDLE_IDENTIFIER = org.arbridev.ArgonTests;
				PRODUCT_NAME = "$(TARGET_NAME)";
				SWIFT_VERSION = 5.0;
				TARGETED_DEVICE_FAMILY = "1,2";
				TEST_HOST = "$(BUILT_PRODUCTS_DIR)/Argon.app/Argon";
			};
			name = Debug;
		};
		1473590F25FB0C9C00489AA7 /* Release */ = {
			isa = XCBuildConfiguration;
			buildSettings = {
				ALWAYS_EMBED_SWIFT_STANDARD_LIBRARIES = YES;
				BUNDLE_LOADER = "$(TEST_HOST)";
				CODE_SIGN_STYLE = Automatic;
				INFOPLIST_FILE = ArgonTests/Info.plist;
				IPHONEOS_DEPLOYMENT_TARGET = 14.1;
				LD_RUNPATH_SEARCH_PATHS = (
					"$(inherited)",
					"@executable_path/Frameworks",
					"@loader_path/Frameworks",
				);
				PRODUCT_BUNDLE_IDENTIFIER = org.arbridev.ArgonTests;
				PRODUCT_NAME = "$(TARGET_NAME)";
				SWIFT_VERSION = 5.0;
				TARGETED_DEVICE_FAMILY = "1,2";
				TEST_HOST = "$(BUILT_PRODUCTS_DIR)/Argon.app/Argon";
			};
			name = Release;
		};
		1473591125FB0C9C00489AA7 /* Debug */ = {
			isa = XCBuildConfiguration;
			buildSettings = {
				ALWAYS_EMBED_SWIFT_STANDARD_LIBRARIES = YES;
				CODE_SIGN_STYLE = Automatic;
				INFOPLIST_FILE = ArgonUITests/Info.plist;
				LD_RUNPATH_SEARCH_PATHS = (
					"$(inherited)",
					"@executable_path/Frameworks",
					"@loader_path/Frameworks",
				);
				PRODUCT_BUNDLE_IDENTIFIER = org.arbridev.ArgonUITests;
				PRODUCT_NAME = "$(TARGET_NAME)";
				SWIFT_VERSION = 5.0;
				TARGETED_DEVICE_FAMILY = "1,2";
				TEST_TARGET_NAME = Argon;
			};
			name = Debug;
		};
		1473591225FB0C9C00489AA7 /* Release */ = {
			isa = XCBuildConfiguration;
			buildSettings = {
				ALWAYS_EMBED_SWIFT_STANDARD_LIBRARIES = YES;
				CODE_SIGN_STYLE = Automatic;
				INFOPLIST_FILE = ArgonUITests/Info.plist;
				LD_RUNPATH_SEARCH_PATHS = (
					"$(inherited)",
					"@executable_path/Frameworks",
					"@loader_path/Frameworks",
				);
				PRODUCT_BUNDLE_IDENTIFIER = org.arbridev.ArgonUITests;
				PRODUCT_NAME = "$(TARGET_NAME)";
				SWIFT_VERSION = 5.0;
				TARGETED_DEVICE_FAMILY = "1,2";
				TEST_TARGET_NAME = Argon;
			};
			name = Release;
		};
/* End XCBuildConfiguration section */

/* Begin XCConfigurationList section */
		147358DB25FB0C9800489AA7 /* Build configuration list for PBXProject "Argon" */ = {
			isa = XCConfigurationList;
			buildConfigurations = (
				1473590825FB0C9C00489AA7 /* Debug */,
				1473590925FB0C9C00489AA7 /* Release */,
			);
			defaultConfigurationIsVisible = 0;
			defaultConfigurationName = Release;
		};
		1473590A25FB0C9C00489AA7 /* Build configuration list for PBXNativeTarget "Argon" */ = {
			isa = XCConfigurationList;
			buildConfigurations = (
				1473590B25FB0C9C00489AA7 /* Debug */,
				1473590C25FB0C9C00489AA7 /* Release */,
			);
			defaultConfigurationIsVisible = 0;
			defaultConfigurationName = Release;
		};
		1473590D25FB0C9C00489AA7 /* Build configuration list for PBXNativeTarget "ArgonTests" */ = {
			isa = XCConfigurationList;
			buildConfigurations = (
				1473590E25FB0C9C00489AA7 /* Debug */,
				1473590F25FB0C9C00489AA7 /* Release */,
			);
			defaultConfigurationIsVisible = 0;
			defaultConfigurationName = Release;
		};
		1473591025FB0C9C00489AA7 /* Build configuration list for PBXNativeTarget "ArgonUITests" */ = {
			isa = XCConfigurationList;
			buildConfigurations = (
				1473591125FB0C9C00489AA7 /* Debug */,
				1473591225FB0C9C00489AA7 /* Release */,
			);
			defaultConfigurationIsVisible = 0;
			defaultConfigurationName = Release;
		};
/* End XCConfigurationList section */
	};
	rootObject = 147358D825FB0C9800489AA7 /* Project object */;
}
