// !$*UTF8*$!
{
	archiveVersion = 1;
	classes = {
	};
	objectVersion = 51;
	objects = {

/* Begin PBXBuildFile section */
		0D8E3569E20BF708E4BB75A0 /* Pods_Argon_ArgonUITests.framework in Frameworks */ = {isa = PBXBuildFile; fileRef = 04CC9B9B64863D2EBDE79973 /* Pods_Argon_ArgonUITests.framework */; };
		1401ABF52600C81800ADBF23 /* TwoImagesCell.swift in Sources */ = {isa = PBXBuildFile; fileRef = 1401ABF32600C81800ADBF23 /* TwoImagesCell.swift */; };
		1401ABF62600C81800ADBF23 /* TwoImagesCell.xib in Resources */ = {isa = PBXBuildFile; fileRef = 1401ABF42600C81800ADBF23 /* TwoImagesCell.xib */; };
		1401ABFD2600CBF400ADBF23 /* PostCell.swift in Sources */ = {isa = PBXBuildFile; fileRef = 1401ABFC2600CBF400ADBF23 /* PostCell.swift */; };
		143E55A525FCFCE300476357 /* User+Mapping.swift in Sources */ = {isa = PBXBuildFile; fileRef = 143E55A425FCFCE300476357 /* User+Mapping.swift */; };
		147358E425FB0C9900489AA7 /* AppDelegate.swift in Sources */ = {isa = PBXBuildFile; fileRef = 147358E325FB0C9900489AA7 /* AppDelegate.swift */; };
		147358E625FB0C9900489AA7 /* SceneDelegate.swift in Sources */ = {isa = PBXBuildFile; fileRef = 147358E525FB0C9900489AA7 /* SceneDelegate.swift */; };
		147358E825FB0C9900489AA7 /* ViewController.swift in Sources */ = {isa = PBXBuildFile; fileRef = 147358E725FB0C9900489AA7 /* ViewController.swift */; };
		147358EB25FB0C9900489AA7 /* Main.storyboard in Resources */ = {isa = PBXBuildFile; fileRef = 147358E925FB0C9900489AA7 /* Main.storyboard */; };
		147358ED25FB0C9B00489AA7 /* Assets.xcassets in Resources */ = {isa = PBXBuildFile; fileRef = 147358EC25FB0C9B00489AA7 /* Assets.xcassets */; };
		147358F025FB0C9C00489AA7 /* LaunchScreen.storyboard in Resources */ = {isa = PBXBuildFile; fileRef = 147358EE25FB0C9B00489AA7 /* LaunchScreen.storyboard */; };
		147358FB25FB0C9C00489AA7 /* ArgonTests.swift in Sources */ = {isa = PBXBuildFile; fileRef = 147358FA25FB0C9C00489AA7 /* ArgonTests.swift */; };
		1473590625FB0C9C00489AA7 /* ArgonUITests.swift in Sources */ = {isa = PBXBuildFile; fileRef = 1473590525FB0C9C00489AA7 /* ArgonUITests.swift */; };
		1473591E25FB107000489AA7 /* PersistenceManager.swift in Sources */ = {isa = PBXBuildFile; fileRef = 1473591D25FB107000489AA7 /* PersistenceManager.swift */; };
		1473594625FB151500489AA7 /* CouchbaseLiteSwift.framework in Frameworks */ = {isa = PBXBuildFile; fileRef = 1473594125FB151200489AA7 /* CouchbaseLiteSwift.framework */; };
		1473594725FB151500489AA7 /* CouchbaseLiteSwift.framework in Embed Frameworks */ = {isa = PBXBuildFile; fileRef = 1473594125FB151200489AA7 /* CouchbaseLiteSwift.framework */; settings = {ATTRIBUTES = (RemoveHeadersOnCopy, ); }; };
		1473595625FB18AE00489AA7 /* NetworkManager.swift in Sources */ = {isa = PBXBuildFile; fileRef = 1473595525FB18AE00489AA7 /* NetworkManager.swift */; };
		1473596725FB1CF200489AA7 /* AppData.swift in Sources */ = {isa = PBXBuildFile; fileRef = 1473596625FB1CF200489AA7 /* AppData.swift */; };
		1473596D25FB1D4900489AA7 /* User.swift in Sources */ = {isa = PBXBuildFile; fileRef = 1473596C25FB1D4900489AA7 /* User.swift */; };
		1473597125FB1D7A00489AA7 /* Post.swift in Sources */ = {isa = PBXBuildFile; fileRef = 1473597025FB1D7A00489AA7 /* Post.swift */; };
		148A444B2600493400F042D2 /* StringDateFormatter.swift in Sources */ = {isa = PBXBuildFile; fileRef = 148A444A2600493400F042D2 /* StringDateFormatter.swift */; };
		14E730F625FE6B2600E905F5 /* Post+Mapping.swift in Sources */ = {isa = PBXBuildFile; fileRef = 14E730F525FE6B2600E905F5 /* Post+Mapping.swift */; };
		14E730FA25FE8FA300E905F5 /* Mocks.swift in Sources */ = {isa = PBXBuildFile; fileRef = 14E730F925FE8FA300E905F5 /* Mocks.swift */; };
		14E7310425FEBBA600E905F5 /* SingleImageCell.swift in Sources */ = {isa = PBXBuildFile; fileRef = 14E7310325FEBBA600E905F5 /* SingleImageCell.swift */; };
		3834BCC2D014C36F23D6FA8C /* Pods_ArgonTests.framework in Frameworks */ = {isa = PBXBuildFile; fileRef = 8E0CFADD9E3A51DBD69A250F /* Pods_ArgonTests.framework */; };
		9890B5EF529C2FDA39AF23EC /* Pods_Argon.framework in Frameworks */ = {isa = PBXBuildFile; fileRef = BABB7F007521D31989C3AFF2 /* Pods_Argon.framework */; };
/* End PBXBuildFile section */

/* Begin PBXContainerItemProxy section */
		147358F725FB0C9C00489AA7 /* PBXContainerItemProxy */ = {
			isa = PBXContainerItemProxy;
			containerPortal = 147358D825FB0C9800489AA7 /* Project object */;
			proxyType = 1;
			remoteGlobalIDString = 147358DF25FB0C9800489AA7;
			remoteInfo = Argon;
		};
		1473590225FB0C9C00489AA7 /* PBXContainerItemProxy */ = {
			isa = PBXContainerItemProxy;
			containerPortal = 147358D825FB0C9800489AA7 /* Project object */;
			proxyType = 1;
			remoteGlobalIDString = 147358DF25FB0C9800489AA7;
			remoteInfo = Argon;
		};
/* End PBXContainerItemProxy section */

/* Begin PBXCopyFilesBuildPhase section */
		1473594825FB151500489AA7 /* Embed Frameworks */ = {
			isa = PBXCopyFilesBuildPhase;
			buildActionMask = 2147483647;
			dstPath = "";
			dstSubfolderSpec = 10;
			files = (
				1473594725FB151500489AA7 /* CouchbaseLiteSwift.framework in Embed Frameworks */,
			);
			name = "Embed Frameworks";
			runOnlyForDeploymentPostprocessing = 0;
		};
/* End PBXCopyFilesBuildPhase section */

/* Begin PBXFileReference section */
		04CC9B9B64863D2EBDE79973 /* Pods_Argon_ArgonUITests.framework */ = {isa = PBXFileReference; explicitFileType = wrapper.framework; includeInIndex = 0; path = Pods_Argon_ArgonUITests.framework; sourceTree = BUILT_PRODUCTS_DIR; };
		1401ABF32600C81800ADBF23 /* TwoImagesCell.swift */ = {isa = PBXFileReference; lastKnownFileType = sourcecode.swift; path = TwoImagesCell.swift; sourceTree = "<group>"; };
		1401ABF42600C81800ADBF23 /* TwoImagesCell.xib */ = {isa = PBXFileReference; lastKnownFileType = file.xib; path = TwoImagesCell.xib; sourceTree = "<group>"; };
		1401ABFC2600CBF400ADBF23 /* PostCell.swift */ = {isa = PBXFileReference; lastKnownFileType = sourcecode.swift; path = PostCell.swift; sourceTree = "<group>"; };
		143E55A125FCDA5000476357 /* Readme.md */ = {isa = PBXFileReference; lastKnownFileType = net.daringfireball.markdown; path = Readme.md; sourceTree = "<group>"; };
		143E55A425FCFCE300476357 /* User+Mapping.swift */ = {isa = PBXFileReference; lastKnownFileType = sourcecode.swift; path = "User+Mapping.swift"; sourceTree = "<group>"; };
		147358E025FB0C9900489AA7 /* Argon.app */ = {isa = PBXFileReference; explicitFileType = wrapper.application; includeInIndex = 0; path = Argon.app; sourceTree = BUILT_PRODUCTS_DIR; };
		147358E325FB0C9900489AA7 /* AppDelegate.swift */ = {isa = PBXFileReference; lastKnownFileType = sourcecode.swift; path = AppDelegate.swift; sourceTree = "<group>"; };
		147358E525FB0C9900489AA7 /* SceneDelegate.swift */ = {isa = PBXFileReference; lastKnownFileType = sourcecode.swift; path = SceneDelegate.swift; sourceTree = "<group>"; };
		147358E725FB0C9900489AA7 /* ViewController.swift */ = {isa = PBXFileReference; lastKnownFileType = sourcecode.swift; path = ViewController.swift; sourceTree = "<group>"; };
		147358EA25FB0C9900489AA7 /* Base */ = {isa = PBXFileReference; lastKnownFileType = file.storyboard; name = Base; path = Base.lproj/Main.storyboard; sourceTree = "<group>"; };
		147358EC25FB0C9B00489AA7 /* Assets.xcassets */ = {isa = PBXFileReference; lastKnownFileType = folder.assetcatalog; path = Assets.xcassets; sourceTree = "<group>"; };
		147358EF25FB0C9B00489AA7 /* Base */ = {isa = PBXFileReference; lastKnownFileType = file.storyboard; name = Base; path = Base.lproj/LaunchScreen.storyboard; sourceTree = "<group>"; };
		147358F125FB0C9C00489AA7 /* Info.plist */ = {isa = PBXFileReference; lastKnownFileType = text.plist.xml; path = Info.plist; sourceTree = "<group>"; };
		147358F625FB0C9C00489AA7 /* ArgonTests.xctest */ = {isa = PBXFileReference; explicitFileType = wrapper.cfbundle; includeInIndex = 0; path = ArgonTests.xctest; sourceTree = BUILT_PRODUCTS_DIR; };
		147358FA25FB0C9C00489AA7 /* ArgonTests.swift */ = {isa = PBXFileReference; lastKnownFileType = sourcecode.swift; path = ArgonTests.swift; sourceTree = "<group>"; };
		147358FC25FB0C9C00489AA7 /* Info.plist */ = {isa = PBXFileReference; lastKnownFileType = text.plist.xml; path = Info.plist; sourceTree = "<group>"; };
		1473590125FB0C9C00489AA7 /* ArgonUITests.xctest */ = {isa = PBXFileReference; explicitFileType = wrapper.cfbundle; includeInIndex = 0; path = ArgonUITests.xctest; sourceTree = BUILT_PRODUCTS_DIR; };
		1473590525FB0C9C00489AA7 /* ArgonUITests.swift */ = {isa = PBXFileReference; lastKnownFileType = sourcecode.swift; path = ArgonUITests.swift; sourceTree = "<group>"; };
		1473590725FB0C9C00489AA7 /* Info.plist */ = {isa = PBXFileReference; lastKnownFileType = text.plist.xml; path = Info.plist; sourceTree = "<group>"; };
		1473591D25FB107000489AA7 /* PersistenceManager.swift */ = {isa = PBXFileReference; lastKnownFileType = sourcecode.swift; path = PersistenceManager.swift; sourceTree = "<group>"; };
		1473594125FB151200489AA7 /* CouchbaseLiteSwift.framework */ = {isa = PBXFileReference; lastKnownFileType = wrapper.framework; path = CouchbaseLiteSwift.framework; sourceTree = "<group>"; };
		1473595525FB18AE00489AA7 /* NetworkManager.swift */ = {isa = PBXFileReference; lastKnownFileType = sourcecode.swift; path = NetworkManager.swift; sourceTree = "<group>"; };
		1473596625FB1CF200489AA7 /* AppData.swift */ = {isa = PBXFileReference; lastKnownFileType = sourcecode.swift; path = AppData.swift; sourceTree = "<group>"; };
		1473596C25FB1D4900489AA7 /* User.swift */ = {isa = PBXFileReference; lastKnownFileType = sourcecode.swift; path = User.swift; sourceTree = "<group>"; };
		1473597025FB1D7A00489AA7 /* Post.swift */ = {isa = PBXFileReference; lastKnownFileType = sourcecode.swift; path = Post.swift; sourceTree = "<group>"; };
		148A444A2600493400F042D2 /* StringDateFormatter.swift */ = {isa = PBXFileReference; lastKnownFileType = sourcecode.swift; path = StringDateFormatter.swift; sourceTree = "<group>"; };
		14E730F525FE6B2600E905F5 /* Post+Mapping.swift */ = {isa = PBXFileReference; lastKnownFileType = sourcecode.swift; path = "Post+Mapping.swift"; sourceTree = "<group>"; };
		14E730F925FE8FA300E905F5 /* Mocks.swift */ = {isa = PBXFileReference; lastKnownFileType = sourcecode.swift; path = Mocks.swift; sourceTree = "<group>"; };
		14E7310325FEBBA600E905F5 /* SingleImageCell.swift */ = {isa = PBXFileReference; lastKnownFileType = sourcecode.swift; path = SingleImageCell.swift; sourceTree = "<group>"; };
		4F9525220F0AE521E87C4DB4 /* Pods-Argon-ArgonUITests.release.xcconfig */ = {isa = PBXFileReference; includeInIndex = 1; lastKnownFileType = text.xcconfig; name = "Pods-Argon-ArgonUITests.release.xcconfig"; path = "Target Support Files/Pods-Argon-ArgonUITests/Pods-Argon-ArgonUITests.release.xcconfig"; sourceTree = "<group>"; };
		5B1B620B86E63952D360E6BD /* Pods-Argon.debug.xcconfig */ = {isa = PBXFileReference; includeInIndex = 1; lastKnownFileType = text.xcconfig; name = "Pods-Argon.debug.xcconfig"; path = "Target Support Files/Pods-Argon/Pods-Argon.debug.xcconfig"; sourceTree = "<group>"; };
		68E8B7143BDAAAAACE1FB55E /* Pods-Argon.release.xcconfig */ = {isa = PBXFileReference; includeInIndex = 1; lastKnownFileType = text.xcconfig; name = "Pods-Argon.release.xcconfig"; path = "Target Support Files/Pods-Argon/Pods-Argon.release.xcconfig"; sourceTree = "<group>"; };
		6AF2AE9595A60DD714729944 /* Pods-Argon-ArgonUITests.debug.xcconfig */ = {isa = PBXFileReference; includeInIndex = 1; lastKnownFileType = text.xcconfig; name = "Pods-Argon-ArgonUITests.debug.xcconfig"; path = "Target Support Files/Pods-Argon-ArgonUITests/Pods-Argon-ArgonUITests.debug.xcconfig"; sourceTree = "<group>"; };
		8E0CFADD9E3A51DBD69A250F /* Pods_ArgonTests.framework */ = {isa = PBXFileReference; explicitFileType = wrapper.framework; includeInIndex = 0; path = Pods_ArgonTests.framework; sourceTree = BUILT_PRODUCTS_DIR; };
		BABB7F007521D31989C3AFF2 /* Pods_Argon.framework */ = {isa = PBXFileReference; explicitFileType = wrapper.framework; includeInIndex = 0; path = Pods_Argon.framework; sourceTree = BUILT_PRODUCTS_DIR; };
		EA5461B5BD435498284F125C /* Pods-ArgonTests.debug.xcconfig */ = {isa = PBXFileReference; includeInIndex = 1; lastKnownFileType = text.xcconfig; name = "Pods-ArgonTests.debug.xcconfig"; path = "Target Support Files/Pods-ArgonTests/Pods-ArgonTests.debug.xcconfig"; sourceTree = "<group>"; };
		F25A4FE8A83B26DA3AF355EE /* Pods-ArgonTests.release.xcconfig */ = {isa = PBXFileReference; includeInIndex = 1; lastKnownFileType = text.xcconfig; name = "Pods-ArgonTests.release.xcconfig"; path = "Target Support Files/Pods-ArgonTests/Pods-ArgonTests.release.xcconfig"; sourceTree = "<group>"; };
/* End PBXFileReference section */

/* Begin PBXFrameworksBuildPhase section */
		147358DD25FB0C9800489AA7 /* Frameworks */ = {
			isa = PBXFrameworksBuildPhase;
			buildActionMask = 2147483647;
			files = (
				1473594625FB151500489AA7 /* CouchbaseLiteSwift.framework in Frameworks */,
				9890B5EF529C2FDA39AF23EC /* Pods_Argon.framework in Frameworks */,
			);
			runOnlyForDeploymentPostprocessing = 0;
		};
		147358F325FB0C9C00489AA7 /* Frameworks */ = {
			isa = PBXFrameworksBuildPhase;
			buildActionMask = 2147483647;
			files = (
				3834BCC2D014C36F23D6FA8C /* Pods_ArgonTests.framework in Frameworks */,
			);
			runOnlyForDeploymentPostprocessing = 0;
		};
		147358FE25FB0C9C00489AA7 /* Frameworks */ = {
			isa = PBXFrameworksBuildPhase;
			buildActionMask = 2147483647;
			files = (
				0D8E3569E20BF708E4BB75A0 /* Pods_Argon_ArgonUITests.framework in Frameworks */,
			);
			runOnlyForDeploymentPostprocessing = 0;
		};
/* End PBXFrameworksBuildPhase section */

/* Begin PBXGroup section */
		108EA53D80E77D03A8909AA1 /* Frameworks */ = {
			isa = PBXGroup;
			children = (
				BABB7F007521D31989C3AFF2 /* Pods_Argon.framework */,
				04CC9B9B64863D2EBDE79973 /* Pods_Argon_ArgonUITests.framework */,
				8E0CFADD9E3A51DBD69A250F /* Pods_ArgonTests.framework */,
			);
			name = Frameworks;
			sourceTree = "<group>";
		};
		1400CE9925FB859F00C861D3 /* Mappers */ = {
			isa = PBXGroup;
			children = (
				143E55A425FCFCE300476357 /* User+Mapping.swift */,
				14E730F525FE6B2600E905F5 /* Post+Mapping.swift */,
			);
			path = Mappers;
			sourceTree = "<group>";
		};
		1401ABFB2600CBD200ADBF23 /* Protocols */ = {
			isa = PBXGroup;
			children = (
				1401ABFC2600CBF400ADBF23 /* PostCell.swift */,
			);
			path = Protocols;
			sourceTree = "<group>";
		};
		1401AC002600CCC500ADBF23 /* Cells */ = {
			isa = PBXGroup;
			children = (
				14E7310325FEBBA600E905F5 /* SingleImageCell.swift */,
				1401ABF32600C81800ADBF23 /* TwoImagesCell.swift */,
			);
			path = Cells;
			sourceTree = "<group>";
		};
		146DB5A425FF725200D8DF99 /* Cells */ = {
			isa = PBXGroup;
			children = (
				1401ABF42600C81800ADBF23 /* TwoImagesCell.xib */,
			);
			path = Cells;
			sourceTree = "<group>";
		};
		147358D725FB0C9800489AA7 = {
			isa = PBXGroup;
			children = (
				143E55A125FCDA5000476357 /* Readme.md */,
				147358E225FB0C9900489AA7 /* Argon */,
				147358F925FB0C9C00489AA7 /* ArgonTests */,
				1473590425FB0C9C00489AA7 /* ArgonUITests */,
				147358E125FB0C9900489AA7 /* Products */,
				8E6E59B3437E58DFA317EA96 /* Pods */,
				108EA53D80E77D03A8909AA1 /* Frameworks */,
			);
			sourceTree = "<group>";
		};
		147358E125FB0C9900489AA7 /* Products */ = {
			isa = PBXGroup;
			children = (
				147358E025FB0C9900489AA7 /* Argon.app */,
				147358F625FB0C9C00489AA7 /* ArgonTests.xctest */,
				1473590125FB0C9C00489AA7 /* ArgonUITests.xctest */,
			);
			name = Products;
			sourceTree = "<group>";
		};
		147358E225FB0C9900489AA7 /* Argon */ = {
			isa = PBXGroup;
			children = (
				1401ABFB2600CBD200ADBF23 /* Protocols */,
				14E7310025FEAD7200E905F5 /* Views */,
				14E730FF25FEAD5500E905F5 /* Controllers */,
				1473595425FB189200489AA7 /* Networking */,
				1473591C25FB105500489AA7 /* Persistence */,
				1473591625FB0CB300489AA7 /* Frameworks */,
				148A445026004BB800F042D2 /* Utils */,
				147358E325FB0C9900489AA7 /* AppDelegate.swift */,
				147358E525FB0C9900489AA7 /* SceneDelegate.swift */,
				147358EC25FB0C9B00489AA7 /* Assets.xcassets */,
				147358F125FB0C9C00489AA7 /* Info.plist */,
			);
			path = Argon;
			sourceTree = "<group>";
		};
		147358F925FB0C9C00489AA7 /* ArgonTests */ = {
			isa = PBXGroup;
			children = (
				147358FA25FB0C9C00489AA7 /* ArgonTests.swift */,
				147358FC25FB0C9C00489AA7 /* Info.plist */,
				14E730F925FE8FA300E905F5 /* Mocks.swift */,
			);
			path = ArgonTests;
			sourceTree = "<group>";
		};
		1473590425FB0C9C00489AA7 /* ArgonUITests */ = {
			isa = PBXGroup;
			children = (
				1473590525FB0C9C00489AA7 /* ArgonUITests.swift */,
				1473590725FB0C9C00489AA7 /* Info.plist */,
			);
			path = ArgonUITests;
			sourceTree = "<group>";
		};
		1473591625FB0CB300489AA7 /* Frameworks */ = {
			isa = PBXGroup;
			children = (
				1473594125FB151200489AA7 /* CouchbaseLiteSwift.framework */,
			);
			path = Frameworks;
			sourceTree = "<group>";
		};
		1473591C25FB105500489AA7 /* Persistence */ = {
			isa = PBXGroup;
			children = (
				1400CE9925FB859F00C861D3 /* Mappers */,
				1473591D25FB107000489AA7 /* PersistenceManager.swift */,
			);
			path = Persistence;
			sourceTree = "<group>";
		};
		1473595425FB189200489AA7 /* Networking */ = {
			isa = PBXGroup;
			children = (
				1473596425FB1BFB00489AA7 /* Model */,
				1473595525FB18AE00489AA7 /* NetworkManager.swift */,
			);
			path = Networking;
			sourceTree = "<group>";
		};
		1473596425FB1BFB00489AA7 /* Model */ = {
			isa = PBXGroup;
			children = (
				1473596625FB1CF200489AA7 /* AppData.swift */,
				1473596C25FB1D4900489AA7 /* User.swift */,
				1473597025FB1D7A00489AA7 /* Post.swift */,
			);
			path = Model;
			sourceTree = "<group>";
		};
		148A445026004BB800F042D2 /* Utils */ = {
			isa = PBXGroup;
			children = (
				148A444A2600493400F042D2 /* StringDateFormatter.swift */,
			);
			path = Utils;
			sourceTree = "<group>";
		};
		14E730FF25FEAD5500E905F5 /* Controllers */ = {
			isa = PBXGroup;
			children = (
				1401AC002600CCC500ADBF23 /* Cells */,
				147358E725FB0C9900489AA7 /* ViewController.swift */,
			);
			path = Controllers;
			sourceTree = "<group>";
		};
		14E7310025FEAD7200E905F5 /* Views */ = {
			isa = PBXGroup;
			children = (
				146DB5A425FF725200D8DF99 /* Cells */,
				147358E925FB0C9900489AA7 /* Main.storyboard */,
				147358EE25FB0C9B00489AA7 /* LaunchScreen.storyboard */,
			);
			path = Views;
			sourceTree = "<group>";
		};
		8E6E59B3437E58DFA317EA96 /* Pods */ = {
			isa = PBXGroup;
			children = (
				5B1B620B86E63952D360E6BD /* Pods-Argon.debug.xcconfig */,
				68E8B7143BDAAAAACE1FB55E /* Pods-Argon.release.xcconfig */,
				6AF2AE9595A60DD714729944 /* Pods-Argon-ArgonUITests.debug.xcconfig */,
				4F9525220F0AE521E87C4DB4 /* Pods-Argon-ArgonUITests.release.xcconfig */,
				EA5461B5BD435498284F125C /* Pods-ArgonTests.debug.xcconfig */,
				F25A4FE8A83B26DA3AF355EE /* Pods-ArgonTests.release.xcconfig */,
			);
			path = Pods;
			sourceTree = "<group>";
		};
/* End PBXGroup section */

/* Begin PBXNativeTarget section */
		147358DF25FB0C9800489AA7 /* Argon */ = {
			isa = PBXNativeTarget;
			buildConfigurationList = 1473590A25FB0C9C00489AA7 /* Build configuration list for PBXNativeTarget "Argon" */;
			buildPhases = (
				B68AFA126CAB557A33320503 /* [CP] Check Pods Manifest.lock */,
				147358DC25FB0C9800489AA7 /* Sources */,
				147358DD25FB0C9800489AA7 /* Frameworks */,
				147358DE25FB0C9800489AA7 /* Resources */,
				1473594825FB151500489AA7 /* Embed Frameworks */,
				A8F35A31CF67D560948BF1FD /* [CP] Embed Pods Frameworks */,
				14E7310925FEFC7C00E905F5 /* ShellScript */,
			);
			buildRules = (
			);
			dependencies = (
			);
			name = Argon;
			productName = Argon;
			productReference = 147358E025FB0C9900489AA7 /* Argon.app */;
			productType = "com.apple.product-type.application";
		};
		147358F525FB0C9C00489AA7 /* ArgonTests */ = {
			isa = PBXNativeTarget;
			buildConfigurationList = 1473590D25FB0C9C00489AA7 /* Build configuration list for PBXNativeTarget "ArgonTests" */;
			buildPhases = (
				AAE7FEC7C77ED7B6A9852883 /* [CP] Check Pods Manifest.lock */,
				147358F225FB0C9C00489AA7 /* Sources */,
				147358F325FB0C9C00489AA7 /* Frameworks */,
				147358F425FB0C9C00489AA7 /* Resources */,
			);
			buildRules = (
			);
			dependencies = (
				147358F825FB0C9C00489AA7 /* PBXTargetDependency */,
			);
			name = ArgonTests;
			productName = ArgonTests;
			productReference = 147358F625FB0C9C00489AA7 /* ArgonTests.xctest */;
			productType = "com.apple.product-type.bundle.unit-test";
		};
		1473590025FB0C9C00489AA7 /* ArgonUITests */ = {
			isa = PBXNativeTarget;
			buildConfigurationList = 1473591025FB0C9C00489AA7 /* Build configuration list for PBXNativeTarget "ArgonUITests" */;
			buildPhases = (
				55343E15773BC3575632161C /* [CP] Check Pods Manifest.lock */,
				147358FD25FB0C9C00489AA7 /* Sources */,
				147358FE25FB0C9C00489AA7 /* Frameworks */,
				147358FF25FB0C9C00489AA7 /* Resources */,
				D9FF0F5E9F4B08212D2A0D4F /* [CP] Embed Pods Frameworks */,
			);
			buildRules = (
			);
			dependencies = (
				1473590325FB0C9C00489AA7 /* PBXTargetDependency */,
			);
			name = ArgonUITests;
			productName = ArgonUITests;
			productReference = 1473590125FB0C9C00489AA7 /* ArgonUITests.xctest */;
			productType = "com.apple.product-type.bundle.ui-testing";
		};
/* End PBXNativeTarget section */

/* Begin PBXProject section */
		147358D825FB0C9800489AA7 /* Project object */ = {
			isa = PBXProject;
			attributes = {
				LastSwiftUpdateCheck = 1210;
				LastUpgradeCheck = 1210;
				TargetAttributes = {
					147358DF25FB0C9800489AA7 = {
						CreatedOnToolsVersion = 12.1;
					};
					147358F525FB0C9C00489AA7 = {
						CreatedOnToolsVersion = 12.1;
						TestTargetID = 147358DF25FB0C9800489AA7;
					};
					1473590025FB0C9C00489AA7 = {
						CreatedOnToolsVersion = 12.1;
						TestTargetID = 147358DF25FB0C9800489AA7;
					};
				};
			};
			buildConfigurationList = 147358DB25FB0C9800489AA7 /* Build configuration list for PBXProject "Argon" */;
			compatibilityVersion = "Xcode 9.3";
			developmentRegion = en;
			hasScannedForEncodings = 0;
			knownRegions = (
				en,
				Base,
			);
			mainGroup = 147358D725FB0C9800489AA7;
			productRefGroup = 147358E125FB0C9900489AA7 /* Products */;
			projectDirPath = "";
			projectRoot = "";
			targets = (
				147358DF25FB0C9800489AA7 /* Argon */,
				147358F525FB0C9C00489AA7 /* ArgonTests */,
				1473590025FB0C9C00489AA7 /* ArgonUITests */,
			);
		};
/* End PBXProject section */

/* Begin PBXResourcesBuildPhase section */
		147358DE25FB0C9800489AA7 /* Resources */ = {
			isa = PBXResourcesBuildPhase;
			buildActionMask = 2147483647;
			files = (
				147358F025FB0C9C00489AA7 /* LaunchScreen.storyboard in Resources */,
				147358ED25FB0C9B00489AA7 /* Assets.xcassets in Resources */,
				1401ABF62600C81800ADBF23 /* TwoImagesCell.xib in Resources */,
				147358EB25FB0C9900489AA7 /* Main.storyboard in Resources */,
			);
			runOnlyForDeploymentPostprocessing = 0;
		};
		147358F425FB0C9C00489AA7 /* Resources */ = {
			isa = PBXResourcesBuildPhase;
			buildActionMask = 2147483647;
			files = (
			);
			runOnlyForDeploymentPostprocessing = 0;
		};
		147358FF25FB0C9C00489AA7 /* Resources */ = {
			isa = PBXResourcesBuildPhase;
			buildActionMask = 2147483647;
			files = (
			);
			runOnlyForDeploymentPostprocessing = 0;
		};
/* End PBXResourcesBuildPhase section */

/* Begin PBXShellScriptBuildPhase section */
		14E7310925FEFC7C00E905F5 /* ShellScript */ = {
			isa = PBXShellScriptBuildPhase;
			buildActionMask = 2147483647;
			files = (
			);
			inputFileListPaths = (
			);
			inputPaths = (
			);
			outputFileListPaths = (
			);
			outputPaths = (
			);
			runOnlyForDeploymentPostprocessing = 0;
			shellPath = /bin/sh;
			shellScript = "#\n#  strip_frameworks.sh\n#  CouchbaseLite\n#\n#  Copyright (c) 2017 Couchbase, Inc All rights reserved.\n#\n#  Licensed under the Apache License, Version 2.0 (the \"License\");\n#  you may not use this file except in compliance with the License.\n#  You may obtain a copy of the License at\n#\n#  http://www.apache.org/licenses/LICENSE-2.0\n#\n#  Unless required by applicable law or agreed to in writing, software\n#  distributed under the License is distributed on an \"AS IS\" BASIS,\n#  WITHOUT WARRANTIES OR CONDITIONS OF ANY KIND, either express or implied.\n#  See the License for the specific language governing permissions and\n#  limitations under the License.\n#\n#\n# Run this script in the app target's Run Script Phase to strip non-valid\n# architecture types from dynamic frameworks and dSYM files.\n#\n# If the app project installs Couchbase Lite framework manually,\n# this is required for archiving the app for submitting to the app store.\n# See http://www.openradar.me/radar?id=6409498411401216 for more detail.\n#\n\n# Strip non-valid archecture types from the given universal binary file.\nstrip() {\n    i=0\n    archs=\"$(lipo -info \"$1\" | cut -d ':' -f3)\"\n    for arch in $archs; do\n        if ! [[ \"${VALID_ARCHS}\" == *\"${arch}\"* ]]; then\n            lipo -remove \"${arch}\" -output \"$1\" \"$1\" || exit 1\n            i=$((i + 1))\n        fi\n    done\n    \n    if [[ ${i} > 0 ]]; then\n        archs=\"$(lipo -info \"$1\" | cut -d ':' -f3)\"\n        echo \"Stripped $1 : ${archs}\"\n        return 0\n    else\n        return 1\n    fi\n}\n\n# Go to frameworks folder:\ncd \"${BUILT_PRODUCTS_DIR}/${FRAMEWORKS_FOLDER_PATH}\"\n\n# Strip frameworks:\ndsyms_files=()\nfor file in $(find . -type f -perm +111 | grep \".framework\"); do\n    if ! [[ \"$(file \"${file}\")\" == *\"dynamically linked shared library\"* ]]; then\n        continue\n    fi\n\n    strip \"${file}\"\n    if [[ $? == 0 ]]; then\n        # Code sign the stripped framework:\n        if [ \"${CODE_SIGNING_REQUIRED}\" == \"YES\" ]; then\n            echo \"Sign ${file}\"\n            codesign --force --sign ${EXPANDED_CODE_SIGN_IDENTITY} --preserve-metadata=identifier,entitlements \"${file}\"\n        fi\n\n        bin_name=\"$(basename \"${file}\")\"\n        dsyms_files+=(${BUILT_PRODUCTS_DIR}/${bin_name}.framework.dSYM/Contents/Resources/DWARF/${bin_name})\n    fi\ndone\n\n# Strip dSYM files:\nfor file in $dsyms_files; do\n    if [[ -e \"${file}\" ]]; then\n        strip \"${file}\" || true\n    fi\ndone\n\n";
		};
		55343E15773BC3575632161C /* [CP] Check Pods Manifest.lock */ = {
			isa = PBXShellScriptBuildPhase;
			buildActionMask = 2147483647;
			files = (
			);
			inputFileListPaths = (
			);
			inputPaths = (
				"${PODS_PODFILE_DIR_PATH}/Podfile.lock",
				"${PODS_ROOT}/Manifest.lock",
			);
			name = "[CP] Check Pods Manifest.lock";
			outputFileListPaths = (
			);
			outputPaths = (
				"$(DERIVED_FILE_DIR)/Pods-Argon-ArgonUITests-checkManifestLockResult.txt",
			);
			runOnlyForDeploymentPostprocessing = 0;
			shellPath = /bin/sh;
			shellScript = "diff \"${PODS_PODFILE_DIR_PATH}/Podfile.lock\" \"${PODS_ROOT}/Manifest.lock\" > /dev/null\nif [ $? != 0 ] ; then\n    # print error to STDERR\n    echo \"error: The sandbox is not in sync with the Podfile.lock. Run 'pod install' or update your CocoaPods installation.\" >&2\n    exit 1\nfi\n# This output is used by Xcode 'outputs' to avoid re-running this script phase.\necho \"SUCCESS\" > \"${SCRIPT_OUTPUT_FILE_0}\"\n";
			showEnvVarsInLog = 0;
		};
		A8F35A31CF67D560948BF1FD /* [CP] Embed Pods Frameworks */ = {
			isa = PBXShellScriptBuildPhase;
			buildActionMask = 2147483647;
			files = (
			);
			inputFileListPaths = (
				"${PODS_ROOT}/Target Support Files/Pods-Argon/Pods-Argon-frameworks-${CONFIGURATION}-input-files.xcfilelist",
			);
			name = "[CP] Embed Pods Frameworks";
			outputFileListPaths = (
				"${PODS_ROOT}/Target Support Files/Pods-Argon/Pods-Argon-frameworks-${CONFIGURATION}-output-files.xcfilelist",
			);
			runOnlyForDeploymentPostprocessing = 0;
			shellPath = /bin/sh;
			shellScript = "\"${PODS_ROOT}/Target Support Files/Pods-Argon/Pods-Argon-frameworks.sh\"\n";
			showEnvVarsInLog = 0;
		};
		AAE7FEC7C77ED7B6A9852883 /* [CP] Check Pods Manifest.lock */ = {
			isa = PBXShellScriptBuildPhase;
			buildActionMask = 2147483647;
			files = (
			);
			inputFileListPaths = (
			);
			inputPaths = (
				"${PODS_PODFILE_DIR_PATH}/Podfile.lock",
				"${PODS_ROOT}/Manifest.lock",
			);
			name = "[CP] Check Pods Manifest.lock";
			outputFileListPaths = (
			);
			outputPaths = (
				"$(DERIVED_FILE_DIR)/Pods-ArgonTests-checkManifestLockResult.txt",
			);
			runOnlyForDeploymentPostprocessing = 0;
			shellPath = /bin/sh;
			shellScript = "diff \"${PODS_PODFILE_DIR_PATH}/Podfile.lock\" \"${PODS_ROOT}/Manifest.lock\" > /dev/null\nif [ $? != 0 ] ; then\n    # print error to STDERR\n    echo \"error: The sandbox is not in sync with the Podfile.lock. Run 'pod install' or update your CocoaPods installation.\" >&2\n    exit 1\nfi\n# This output is used by Xcode 'outputs' to avoid re-running this script phase.\necho \"SUCCESS\" > \"${SCRIPT_OUTPUT_FILE_0}\"\n";
			showEnvVarsInLog = 0;
		};
		B68AFA126CAB557A33320503 /* [CP] Check Pods Manifest.lock */ = {
			isa = PBXShellScriptBuildPhase;
			buildActionMask = 2147483647;
			files = (
			);
			inputFileListPaths = (
			);
			inputPaths = (
				"${PODS_PODFILE_DIR_PATH}/Podfile.lock",
				"${PODS_ROOT}/Manifest.lock",
			);
			name = "[CP] Check Pods Manifest.lock";
			outputFileListPaths = (
			);
			outputPaths = (
				"$(DERIVED_FILE_DIR)/Pods-Argon-checkManifestLockResult.txt",
			);
			runOnlyForDeploymentPostprocessing = 0;
			shellPath = /bin/sh;
			shellScript = "diff \"${PODS_PODFILE_DIR_PATH}/Podfile.lock\" \"${PODS_ROOT}/Manifest.lock\" > /dev/null\nif [ $? != 0 ] ; then\n    # print error to STDERR\n    echo \"error: The sandbox is not in sync with the Podfile.lock. Run 'pod install' or update your CocoaPods installation.\" >&2\n    exit 1\nfi\n# This output is used by Xcode 'outputs' to avoid re-running this script phase.\necho \"SUCCESS\" > \"${SCRIPT_OUTPUT_FILE_0}\"\n";
			showEnvVarsInLog = 0;
		};
		D9FF0F5E9F4B08212D2A0D4F /* [CP] Embed Pods Frameworks */ = {
			isa = PBXShellScriptBuildPhase;
			buildActionMask = 2147483647;
			files = (
			);
			inputFileListPaths = (
				"${PODS_ROOT}/Target Support Files/Pods-Argon-ArgonUITests/Pods-Argon-ArgonUITests-frameworks-${CONFIGURATION}-input-files.xcfilelist",
			);
			name = "[CP] Embed Pods Frameworks";
			outputFileListPaths = (
				"${PODS_ROOT}/Target Support Files/Pods-Argon-ArgonUITests/Pods-Argon-ArgonUITests-frameworks-${CONFIGURATION}-output-files.xcfilelist",
			);
			runOnlyForDeploymentPostprocessing = 0;
			shellPath = /bin/sh;
			shellScript = "\"${PODS_ROOT}/Target Support Files/Pods-Argon-ArgonUITests/Pods-Argon-ArgonUITests-frameworks.sh\"\n";
			showEnvVarsInLog = 0;
		};
/* End PBXShellScriptBuildPhase section */

/* Begin PBXSourcesBuildPhase section */
		147358DC25FB0C9800489AA7 /* Sources */ = {
			isa = PBXSourcesBuildPhase;
			buildActionMask = 2147483647;
			files = (
				143E55A525FCFCE300476357 /* User+Mapping.swift in Sources */,
				148A444B2600493400F042D2 /* StringDateFormatter.swift in Sources */,
				1401ABF52600C81800ADBF23 /* TwoImagesCell.swift in Sources */,
				147358E825FB0C9900489AA7 /* ViewController.swift in Sources */,
				147358E425FB0C9900489AA7 /* AppDelegate.swift in Sources */,
				1473595625FB18AE00489AA7 /* NetworkManager.swift in Sources */,
				1473597125FB1D7A00489AA7 /* Post.swift in Sources */,
				1401ABFD2600CBF400ADBF23 /* PostCell.swift in Sources */,
				147358E625FB0C9900489AA7 /* SceneDelegate.swift in Sources */,
				1473591E25FB107000489AA7 /* PersistenceManager.swift in Sources */,
				1473596725FB1CF200489AA7 /* AppData.swift in Sources */,
				14E7310425FEBBA600E905F5 /* SingleImageCell.swift in Sources */,
				14E730F625FE6B2600E905F5 /* Post+Mapping.swift in Sources */,
				1473596D25FB1D4900489AA7 /* User.swift in Sources */,
			);
			runOnlyForDeploymentPostprocessing = 0;
		};
		147358F225FB0C9C00489AA7 /* Sources */ = {
			isa = PBXSourcesBuildPhase;
			buildActionMask = 2147483647;
			files = (
				147358FB25FB0C9C00489AA7 /* ArgonTests.swift in Sources */,
				14E730FA25FE8FA300E905F5 /* Mocks.swift in Sources */,
			);
			runOnlyForDeploymentPostprocessing = 0;
		};
		147358FD25FB0C9C00489AA7 /* Sources */ = {
			isa = PBXSourcesBuildPhase;
			buildActionMask = 2147483647;
			files = (
				1473590625FB0C9C00489AA7 /* ArgonUITests.swift in Sources */,
			);
			runOnlyForDeploymentPostprocessing = 0;
		};
/* End PBXSourcesBuildPhase section */

/* Begin PBXTargetDependency section */
		147358F825FB0C9C00489AA7 /* PBXTargetDependency */ = {
			isa = PBXTargetDependency;
			target = 147358DF25FB0C9800489AA7 /* Argon */;
			targetProxy = 147358F725FB0C9C00489AA7 /* PBXContainerItemProxy */;
		};
		1473590325FB0C9C00489AA7 /* PBXTargetDependency */ = {
			isa = PBXTargetDependency;
			target = 147358DF25FB0C9800489AA7 /* Argon */;
			targetProxy = 1473590225FB0C9C00489AA7 /* PBXContainerItemProxy */;
		};
/* End PBXTargetDependency section */

/* Begin PBXVariantGroup section */
		147358E925FB0C9900489AA7 /* Main.storyboard */ = {
			isa = PBXVariantGroup;
			children = (
				147358EA25FB0C9900489AA7 /* Base */,
			);
			name = Main.storyboard;
			sourceTree = "<group>";
		};
		147358EE25FB0C9B00489AA7 /* LaunchScreen.storyboard */ = {
			isa = PBXVariantGroup;
			children = (
				147358EF25FB0C9B00489AA7 /* Base */,
			);
			name = LaunchScreen.storyboard;
			sourceTree = "<group>";
		};
/* End PBXVariantGroup section */

/* Begin XCBuildConfiguration section */
		1473590825FB0C9C00489AA7 /* Debug */ = {
			isa = XCBuildConfiguration;
			buildSettings = {
				ALWAYS_SEARCH_USER_PATHS = NO;
				CLANG_ANALYZER_NONNULL = YES;
				CLANG_ANALYZER_NUMBER_OBJECT_CONVERSION = YES_AGGRESSIVE;
				CLANG_CXX_LANGUAGE_STANDARD = "gnu++14";
				CLANG_CXX_LIBRARY = "libc++";
				CLANG_ENABLE_MODULES = YES;
				CLANG_ENABLE_OBJC_ARC = YES;
				CLANG_ENABLE_OBJC_WEAK = YES;
				CLANG_WARN_BLOCK_CAPTURE_AUTORELEASING = YES;
				CLANG_WARN_BOOL_CONVERSION = YES;
				CLANG_WARN_COMMA = YES;
				CLANG_WARN_CONSTANT_CONVERSION = YES;
				CLANG_WARN_DEPRECATED_OBJC_IMPLEMENTATIONS = YES;
				CLANG_WARN_DIRECT_OBJC_ISA_USAGE = YES_ERROR;
				CLANG_WARN_DOCUMENTATION_COMMENTS = YES;
				CLANG_WARN_EMPTY_BODY = YES;
				CLANG_WARN_ENUM_CONVERSION = YES;
				CLANG_WARN_INFINITE_RECURSION = YES;
				CLANG_WARN_INT_CONVERSION = YES;
				CLANG_WARN_NON_LITERAL_NULL_CONVERSION = YES;
				CLANG_WARN_OBJC_IMPLICIT_RETAIN_SELF = YES;
				CLANG_WARN_OBJC_LITERAL_CONVERSION = YES;
				CLANG_WARN_OBJC_ROOT_CLASS = YES_ERROR;
				CLANG_WARN_QUOTED_INCLUDE_IN_FRAMEWORK_HEADER = YES;
				CLANG_WARN_RANGE_LOOP_ANALYSIS = YES;
				CLANG_WARN_STRICT_PROTOTYPES = YES;
				CLANG_WARN_SUSPICIOUS_MOVE = YES;
				CLANG_WARN_UNGUARDED_AVAILABILITY = YES_AGGRESSIVE;
				CLANG_WARN_UNREACHABLE_CODE = YES;
				CLANG_WARN__DUPLICATE_METHOD_MATCH = YES;
				COPY_PHASE_STRIP = NO;
				DEBUG_INFORMATION_FORMAT = dwarf;
				ENABLE_STRICT_OBJC_MSGSEND = YES;
				ENABLE_TESTABILITY = YES;
				GCC_C_LANGUAGE_STANDARD = gnu11;
				GCC_DYNAMIC_NO_PIC = NO;
				GCC_NO_COMMON_BLOCKS = YES;
				GCC_OPTIMIZATION_LEVEL = 0;
				GCC_PREPROCESSOR_DEFINITIONS = (
					"DEBUG=1",
					"$(inherited)",
				);
				GCC_WARN_64_TO_32_BIT_CONVERSION = YES;
				GCC_WARN_ABOUT_RETURN_TYPE = YES_ERROR;
				GCC_WARN_UNDECLARED_SELECTOR = YES;
				GCC_WARN_UNINITIALIZED_AUTOS = YES_AGGRESSIVE;
				GCC_WARN_UNUSED_FUNCTION = YES;
				GCC_WARN_UNUSED_VARIABLE = YES;
				IPHONEOS_DEPLOYMENT_TARGET = 14.1;
				MTL_ENABLE_DEBUG_INFO = INCLUDE_SOURCE;
				MTL_FAST_MATH = YES;
				ONLY_ACTIVE_ARCH = YES;
				SDKROOT = iphoneos;
				SWIFT_ACTIVE_COMPILATION_CONDITIONS = DEBUG;
				SWIFT_OPTIMIZATION_LEVEL = "-Onone";
			};
			name = Debug;
		};
		1473590925FB0C9C00489AA7 /* Release */ = {
			isa = XCBuildConfiguration;
			buildSettings = {
				ALWAYS_SEARCH_USER_PATHS = NO;
				CLANG_ANALYZER_NONNULL = YES;
				CLANG_ANALYZER_NUMBER_OBJECT_CONVERSION = YES_AGGRESSIVE;
				CLANG_CXX_LANGUAGE_STANDARD = "gnu++14";
				CLANG_CXX_LIBRARY = "libc++";
				CLANG_ENABLE_MODULES = YES;
				CLANG_ENABLE_OBJC_ARC = YES;
				CLANG_ENABLE_OBJC_WEAK = YES;
				CLANG_WARN_BLOCK_CAPTURE_AUTORELEASING = YES;
				CLANG_WARN_BOOL_CONVERSION = YES;
				CLANG_WARN_COMMA = YES;
				CLANG_WARN_CONSTANT_CONVERSION = YES;
				CLANG_WARN_DEPRECATED_OBJC_IMPLEMENTATIONS = YES;
				CLANG_WARN_DIRECT_OBJC_ISA_USAGE = YES_ERROR;
				CLANG_WARN_DOCUMENTATION_COMMENTS = YES;
				CLANG_WARN_EMPTY_BODY = YES;
				CLANG_WARN_ENUM_CONVERSION = YES;
				CLANG_WARN_INFINITE_RECURSION = YES;
				CLANG_WARN_INT_CONVERSION = YES;
				CLANG_WARN_NON_LITERAL_NULL_CONVERSION = YES;
				CLANG_WARN_OBJC_IMPLICIT_RETAIN_SELF = YES;
				CLANG_WARN_OBJC_LITERAL_CONVERSION = YES;
				CLANG_WARN_OBJC_ROOT_CLASS = YES_ERROR;
				CLANG_WARN_QUOTED_INCLUDE_IN_FRAMEWORK_HEADER = YES;
				CLANG_WARN_RANGE_LOOP_ANALYSIS = YES;
				CLANG_WARN_STRICT_PROTOTYPES = YES;
				CLANG_WARN_SUSPICIOUS_MOVE = YES;
				CLANG_WARN_UNGUARDED_AVAILABILITY = YES_AGGRESSIVE;
				CLANG_WARN_UNREACHABLE_CODE = YES;
				CLANG_WARN__DUPLICATE_METHOD_MATCH = YES;
				COPY_PHASE_STRIP = NO;
				DEBUG_INFORMATION_FORMAT = "dwarf-with-dsym";
				ENABLE_NS_ASSERTIONS = NO;
				ENABLE_STRICT_OBJC_MSGSEND = YES;
				GCC_C_LANGUAGE_STANDARD = gnu11;
				GCC_NO_COMMON_BLOCKS = YES;
				GCC_WARN_64_TO_32_BIT_CONVERSION = YES;
				GCC_WARN_ABOUT_RETURN_TYPE = YES_ERROR;
				GCC_WARN_UNDECLARED_SELECTOR = YES;
				GCC_WARN_UNINITIALIZED_AUTOS = YES_AGGRESSIVE;
				GCC_WARN_UNUSED_FUNCTION = YES;
				GCC_WARN_UNUSED_VARIABLE = YES;
				IPHONEOS_DEPLOYMENT_TARGET = 14.1;
				MTL_ENABLE_DEBUG_INFO = NO;
				MTL_FAST_MATH = YES;
				SDKROOT = iphoneos;
				SWIFT_COMPILATION_MODE = wholemodule;
				SWIFT_OPTIMIZATION_LEVEL = "-O";
				VALIDATE_PRODUCT = YES;
			};
			name = Release;
		};
		1473590B25FB0C9C00489AA7 /* Debug */ = {
			isa = XCBuildConfiguration;
			baseConfigurationReference = 5B1B620B86E63952D360E6BD /* Pods-Argon.debug.xcconfig */;
			buildSettings = {
				ASSETCATALOG_COMPILER_APPICON_NAME = AppIcon;
				ASSETCATALOG_COMPILER_GLOBAL_ACCENT_COLOR_NAME = AccentColor;
				CODE_SIGN_STYLE = Automatic;
				DEVELOPMENT_ASSET_PATHS = "";
				FRAMEWORK_SEARCH_PATHS = (
					"$(inherited)",
					"$(PROJECT_DIR)/Argon/Frameworks",
				);
				INFOPLIST_FILE = Argon/Info.plist;
				LD_RUNPATH_SEARCH_PATHS = (
					"$(inherited)",
					"@executable_path/Frameworks",
				);
				MARKETING_VERSION = 0.1;
				PRODUCT_BUNDLE_IDENTIFIER = org.arbridev.Argon;
				PRODUCT_NAME = "$(TARGET_NAME)";
				SWIFT_VERSION = 5.0;
				TARGETED_DEVICE_FAMILY = "1,2";
			};
			name = Debug;
		};
		1473590C25FB0C9C00489AA7 /* Release */ = {
			isa = XCBuildConfiguration;
			baseConfigurationReference = 68E8B7143BDAAAAACE1FB55E /* Pods-Argon.release.xcconfig */;
			buildSettings = {
				ASSETCATALOG_COMPILER_APPICON_NAME = AppIcon;
				ASSETCATALOG_COMPILER_GLOBAL_ACCENT_COLOR_NAME = AccentColor;
				CODE_SIGN_STYLE = Automatic;
				DEVELOPMENT_ASSET_PATHS = "";
				FRAMEWORK_SEARCH_PATHS = (
					"$(inherited)",
					"$(PROJECT_DIR)/Argon/External",
					"$(PROJECT_DIR)/Argon/Frameworks",
				);
				INFOPLIST_FILE = Argon/Info.plist;
				LD_RUNPATH_SEARCH_PATHS = (
					"$(inherited)",
					"@executable_path/Frameworks",
				);
				MARKETING_VERSION = 0.1;
				PRODUCT_BUNDLE_IDENTIFIER = org.arbridev.Argon;
				PRODUCT_NAME = "$(TARGET_NAME)";
				SWIFT_VERSION = 5.0;
				TARGETED_DEVICE_FAMILY = "1,2";
			};
			name = Release;
		};
		1473590E25FB0C9C00489AA7 /* Debug */ = {
			isa = XCBuildConfiguration;
			baseConfigurationReference = EA5461B5BD435498284F125C /* Pods-ArgonTests.debug.xcconfig */;
			buildSettings = {
				ALWAYS_EMBED_SWIFT_STANDARD_LIBRARIES = "$(inherited)";
				BUNDLE_LOADER = "$(TEST_HOST)";
				CODE_SIGN_STYLE = Automatic;
				INFOPLIST_FILE = ArgonTests/Info.plist;
				IPHONEOS_DEPLOYMENT_TARGET = 14.1;
				LD_RUNPATH_SEARCH_PATHS = (
					"$(inherited)",
					"@executable_path/Frameworks",
					"@loader_path/Frameworks",
				);
				PRODUCT_BUNDLE_IDENTIFIER = org.arbridev.ArgonTests;
				PRODUCT_NAME = "$(TARGET_NAME)";
				SWIFT_VERSION = 5.0;
				TARGETED_DEVICE_FAMILY = "1,2";
				TEST_HOST = "$(BUILT_PRODUCTS_DIR)/Argon.app/Argon";
			};
			name = Debug;
		};
		1473590F25FB0C9C00489AA7 /* Release */ = {
			isa = XCBuildConfiguration;
			baseConfigurationReference = F25A4FE8A83B26DA3AF355EE /* Pods-ArgonTests.release.xcconfig */;
			buildSettings = {
				ALWAYS_EMBED_SWIFT_STANDARD_LIBRARIES = "$(inherited)";
				BUNDLE_LOADER = "$(TEST_HOST)";
				CODE_SIGN_STYLE = Automatic;
				INFOPLIST_FILE = ArgonTests/Info.plist;
				IPHONEOS_DEPLOYMENT_TARGET = 14.1;
				LD_RUNPATH_SEARCH_PATHS = (
					"$(inherited)",
					"@executable_path/Frameworks",
					"@loader_path/Frameworks",
				);
				PRODUCT_BUNDLE_IDENTIFIER = org.arbridev.ArgonTests;
				PRODUCT_NAME = "$(TARGET_NAME)";
				SWIFT_VERSION = 5.0;
				TARGETED_DEVICE_FAMILY = "1,2";
				TEST_HOST = "$(BUILT_PRODUCTS_DIR)/Argon.app/Argon";
			};
			name = Release;
		};
		1473591125FB0C9C00489AA7 /* Debug */ = {
			isa = XCBuildConfiguration;
			baseConfigurationReference = 6AF2AE9595A60DD714729944 /* Pods-Argon-ArgonUITests.debug.xcconfig */;
			buildSettings = {
				ALWAYS_EMBED_SWIFT_STANDARD_LIBRARIES = "$(inherited)";
				CODE_SIGN_STYLE = Automatic;
				INFOPLIST_FILE = ArgonUITests/Info.plist;
				LD_RUNPATH_SEARCH_PATHS = (
					"$(inherited)",
					"@executable_path/Frameworks",
					"@loader_path/Frameworks",
				);
				PRODUCT_BUNDLE_IDENTIFIER = org.arbridev.ArgonUITests;
				PRODUCT_NAME = "$(TARGET_NAME)";
				SWIFT_VERSION = 5.0;
				TARGETED_DEVICE_FAMILY = "1,2";
				TEST_TARGET_NAME = Argon;
			};
			name = Debug;
		};
		1473591225FB0C9C00489AA7 /* Release */ = {
			isa = XCBuildConfiguration;
			baseConfigurationReference = 4F9525220F0AE521E87C4DB4 /* Pods-Argon-ArgonUITests.release.xcconfig */;
			buildSettings = {
				ALWAYS_EMBED_SWIFT_STANDARD_LIBRARIES = "$(inherited)";
				CODE_SIGN_STYLE = Automatic;
				INFOPLIST_FILE = ArgonUITests/Info.plist;
				LD_RUNPATH_SEARCH_PATHS = (
					"$(inherited)",
					"@executable_path/Frameworks",
					"@loader_path/Frameworks",
				);
				PRODUCT_BUNDLE_IDENTIFIER = org.arbridev.ArgonUITests;
				PRODUCT_NAME = "$(TARGET_NAME)";
				SWIFT_VERSION = 5.0;
				TARGETED_DEVICE_FAMILY = "1,2";
				TEST_TARGET_NAME = Argon;
			};
			name = Release;
		};
/* End XCBuildConfiguration section */

/* Begin XCConfigurationList section */
		147358DB25FB0C9800489AA7 /* Build configuration list for PBXProject "Argon" */ = {
			isa = XCConfigurationList;
			buildConfigurations = (
				1473590825FB0C9C00489AA7 /* Debug */,
				1473590925FB0C9C00489AA7 /* Release */,
			);
			defaultConfigurationIsVisible = 0;
			defaultConfigurationName = Release;
		};
		1473590A25FB0C9C00489AA7 /* Build configuration list for PBXNativeTarget "Argon" */ = {
			isa = XCConfigurationList;
			buildConfigurations = (
				1473590B25FB0C9C00489AA7 /* Debug */,
				1473590C25FB0C9C00489AA7 /* Release */,
			);
			defaultConfigurationIsVisible = 0;
			defaultConfigurationName = Release;
		};
		1473590D25FB0C9C00489AA7 /* Build configuration list for PBXNativeTarget "ArgonTests" */ = {
			isa = XCConfigurationList;
			buildConfigurations = (
				1473590E25FB0C9C00489AA7 /* Debug */,
				1473590F25FB0C9C00489AA7 /* Release */,
			);
			defaultConfigurationIsVisible = 0;
			defaultConfigurationName = Release;
		};
		1473591025FB0C9C00489AA7 /* Build configuration list for PBXNativeTarget "ArgonUITests" */ = {
			isa = XCConfigurationList;
			buildConfigurations = (
				1473591125FB0C9C00489AA7 /* Debug */,
				1473591225FB0C9C00489AA7 /* Release */,
			);
			defaultConfigurationIsVisible = 0;
			defaultConfigurationName = Release;
		};
/* End XCConfigurationList section */
	};
	rootObject = 147358D825FB0C9800489AA7 /* Project object */;
}
